
Microsoft Visual Studio Solution File, Format Version 12.00
# Visual Studio Version 17
VisualStudioVersion = 17.9.34723.18
MinimumVisualStudioVersion = 10.0.40219.1
Project("{2150E333-8FDC-42A3-9474-1A3956D46DE8}") = "Enterprise Business Rules", "Enterprise Business Rules", "{CA79B6F2-A0DB-4510-8BCB-DD799E213DE7}"
EndProject
Project("{2150E333-8FDC-42A3-9474-1A3956D46DE8}") = "Application Business Rules", "Application Business Rules", "{E7A8B7A4-B8FD-493C-819C-63B7BC6D0FB4}"
EndProject
Project("{2150E333-8FDC-42A3-9474-1A3956D46DE8}") = "Interface Adapters", "Interface Adapters", "{3B6D6B3C-A515-4BD1-AE02-709FFAD570E2}"
EndProject
Project("{2150E333-8FDC-42A3-9474-1A3956D46DE8}") = "Frameworks And Drivers", "Frameworks And Drivers", "{48C44899-5A56-42AD-96A0-01E5C1A22641}"
EndProject
Project("{9A19103F-16F7-4668-BE54-9A1E7A4F7556}") = "NorthWind.Entities", "NorthWind.Entities\NorthWind.Entities.csproj", "{876EE632-BBB8-4CAA-B6BA-9E657316807A}"
EndProject
Project("{2150E333-8FDC-42A3-9474-1A3956D46DE8}") = "Gateways", "Gateways", "{59883629-D480-4C15-A24D-F8ACDBEEFCF6}"
EndProject
Project("{9A19103F-16F7-4668-BE54-9A1E7A4F7556}") = "NorthWind.Repositories.EFCore", "NorthWind.Repositories.EFCore\NorthWind.Repositories.EFCore.csproj", "{E90420C9-B67E-4D7F-AF80-9092626DF9C9}"
EndProject
Project("{9A19103F-16F7-4668-BE54-9A1E7A4F7556}") = "NorthWind.UseCasesDTOs", "NorthWind.UseCasesDTOs\NorthWind.UseCasesDTOs.csproj", "{6738C04F-C56F-4B01-BCAC-625BA13FBC3B}"
EndProject
Project("{9A19103F-16F7-4668-BE54-9A1E7A4F7556}") = "NorthWind.UseCases", "NorthWind.UseCases\NorthWind.UseCases.csproj", "{4501D8F2-0C8E-451D-9DA2-7D844B72A9B3}"
EndProject
Project("{FAE04EC0-301F-11D3-BF4B-00C04F79EFBC}") = "NorthWind.IoC", "NorthWind.IoC\NorthWind.IoC.csproj", "{2E448505-E985-4293-9266-F47EF9113C85}"
EndProject
Project("{2150E333-8FDC-42A3-9474-1A3956D46DE8}") = "Presenters", "Presenters", "{0C7BEE32-E574-45F5-BCFA-138F5BD65BA7}"
EndProject
Project("{FAE04EC0-301F-11D3-BF4B-00C04F79EFBC}") = "NorthWind.WebExceptionsPresenter", "NorthWind.WebExceptionsPresenter\NorthWind.WebExceptionsPresenter.csproj", "{86594F24-DAE3-4E9D-AFB0-E53F607FAA60}"
EndProject
Project("{FAE04EC0-301F-11D3-BF4B-00C04F79EFBC}") = "NorthWind.WebApi", "NorthWind.WebApi\NorthWind.WebApi.csproj", "{A1AA1DDC-FD04-4B74-AB73-39826F373BE9}"
EndProject
Global
	GlobalSection(SolutionConfigurationPlatforms) = preSolution
		Debug|Any CPU = Debug|Any CPU
		Release|Any CPU = Release|Any CPU
	EndGlobalSection
	GlobalSection(ProjectConfigurationPlatforms) = postSolution
		{876EE632-BBB8-4CAA-B6BA-9E657316807A}.Debug|Any CPU.ActiveCfg = Debug|Any CPU
		{876EE632-BBB8-4CAA-B6BA-9E657316807A}.Debug|Any CPU.Build.0 = Debug|Any CPU
		{876EE632-BBB8-4CAA-B6BA-9E657316807A}.Release|Any CPU.ActiveCfg = Release|Any CPU
		{876EE632-BBB8-4CAA-B6BA-9E657316807A}.Release|Any CPU.Build.0 = Release|Any CPU
		{E90420C9-B67E-4D7F-AF80-9092626DF9C9}.Debug|Any CPU.ActiveCfg = Debug|Any CPU
		{E90420C9-B67E-4D7F-AF80-9092626DF9C9}.Debug|Any CPU.Build.0 = Debug|Any CPU
		{E90420C9-B67E-4D7F-AF80-9092626DF9C9}.Release|Any CPU.ActiveCfg = Release|Any CPU
		{E90420C9-B67E-4D7F-AF80-9092626DF9C9}.Release|Any CPU.Build.0 = Release|Any CPU
		{6738C04F-C56F-4B01-BCAC-625BA13FBC3B}.Debug|Any CPU.ActiveCfg = Debug|Any CPU
		{6738C04F-C56F-4B01-BCAC-625BA13FBC3B}.Debug|Any CPU.Build.0 = Debug|Any CPU
		{6738C04F-C56F-4B01-BCAC-625BA13FBC3B}.Release|Any CPU.ActiveCfg = Release|Any CPU
		{6738C04F-C56F-4B01-BCAC-625BA13FBC3B}.Release|Any CPU.Build.0 = Release|Any CPU
		{4501D8F2-0C8E-451D-9DA2-7D844B72A9B3}.Debug|Any CPU.ActiveCfg = Debug|Any CPU
		{4501D8F2-0C8E-451D-9DA2-7D844B72A9B3}.Debug|Any CPU.Build.0 = Debug|Any CPU
		{4501D8F2-0C8E-451D-9DA2-7D844B72A9B3}.Release|Any CPU.ActiveCfg = Release|Any CPU
		{4501D8F2-0C8E-451D-9DA2-7D844B72A9B3}.Release|Any CPU.Build.0 = Release|Any CPU
		{2E448505-E985-4293-9266-F47EF9113C85}.Debug|Any CPU.ActiveCfg = Debug|Any CPU
		{2E448505-E985-4293-9266-F47EF9113C85}.Debug|Any CPU.Build.0 = Debug|Any CPU
		{2E448505-E985-4293-9266-F47EF9113C85}.Release|Any CPU.ActiveCfg = Release|Any CPU
		{2E448505-E985-4293-9266-F47EF9113C85}.Release|Any CPU.Build.0 = Release|Any CPU
		{86594F24-DAE3-4E9D-AFB0-E53F607FAA60}.Debug|Any CPU.ActiveCfg = Debug|Any CPU
		{86594F24-DAE3-4E9D-AFB0-E53F607FAA60}.Debug|Any CPU.Build.0 = Debug|Any CPU
		{86594F24-DAE3-4E9D-AFB0-E53F607FAA60}.Release|Any CPU.ActiveCfg = Release|Any CPU
		{86594F24-DAE3-4E9D-AFB0-E53F607FAA60}.Release|Any CPU.Build.0 = Release|Any CPU
		{A1AA1DDC-FD04-4B74-AB73-39826F373BE9}.Debug|Any CPU.ActiveCfg = Debug|Any CPU
		{A1AA1DDC-FD04-4B74-AB73-39826F373BE9}.Debug|Any CPU.Build.0 = Debug|Any CPU
		{A1AA1DDC-FD04-4B74-AB73-39826F373BE9}.Release|Any CPU.ActiveCfg = Release|Any CPU
		{A1AA1DDC-FD04-4B74-AB73-39826F373BE9}.Release|Any CPU.Build.0 = Release|Any CPU
	EndGlobalSection
	GlobalSection(SolutionProperties) = preSolution
		HideSolutionNode = FALSE
	EndGlobalSection
	GlobalSection(NestedProjects) = preSolution
		{876EE632-BBB8-4CAA-B6BA-9E657316807A} = {CA79B6F2-A0DB-4510-8BCB-DD799E213DE7}
		{59883629-D480-4C15-A24D-F8ACDBEEFCF6} = {3B6D6B3C-A515-4BD1-AE02-709FFAD570E2}
		{E90420C9-B67E-4D7F-AF80-9092626DF9C9} = {59883629-D480-4C15-A24D-F8ACDBEEFCF6}
		{6738C04F-C56F-4B01-BCAC-625BA13FBC3B} = {E7A8B7A4-B8FD-493C-819C-63B7BC6D0FB4}
		{4501D8F2-0C8E-451D-9DA2-7D844B72A9B3} = {E7A8B7A4-B8FD-493C-819C-63B7BC6D0FB4}
		{2E448505-E985-4293-9266-F47EF9113C85} = {3B6D6B3C-A515-4BD1-AE02-709FFAD570E2}
		{0C7BEE32-E574-45F5-BCFA-138F5BD65BA7} = {3B6D6B3C-A515-4BD1-AE02-709FFAD570E2}
		{86594F24-DAE3-4E9D-AFB0-E53F607FAA60} = {0C7BEE32-E574-45F5-BCFA-138F5BD65BA7}
		{A1AA1DDC-FD04-4B74-AB73-39826F373BE9} = {59883629-D480-4C15-A24D-F8ACDBEEFCF6}
	EndGlobalSection
	GlobalSection(ExtensibilityGlobals) = postSolution
		SolutionGuid = {A2045B23-319C-4DFB-A7A3-7AC1DEE94E75}
	EndGlobalSection
EndGlobal
